Microsoft Visual Studio Solution File, Format Version 12.00
# Visual Studio 15
VisualStudioVersion = 15.0.26403.7
MinimumVisualStudioVersion = 15.0.26124.0
Project("{9A19103F-16F7-4668-BE54-9A1E7A4F7556}") = "DependencyInjection", "MVC\DependencyInjection.csproj", "{142424F9-ED0A-4AB6-88DA-FE172D00C35C}"
EndProject
Project("{9A19103F-16F7-4668-BE54-9A1E7A4F7556}") = "Tests", "Tests\Tests.csproj", "{ABCCB70F-2B48-495B-9C7C-EE7D8ABA3B47}"
EndProject
Global
	GlobalSection(SolutionConfigurationPlatforms) = preSolution
		Debug|Any CPU = Debug|Any CPU
		Debug|x64 = Debug|x64
		Debug|x86 = Debug|x86
		Release|Any CPU = Release|Any CPU
		Release|x64 = Release|x64
		Release|x86 = Release|x86
	EndGlobalSection
	GlobalSection(ProjectConfigurationPlatforms) = postSolution
		{142424F9-ED0A-4AB6-88DA-FE172D00C35C}.Debug|Any CPU.ActiveCfg = Debug|Any CPU
		{142424F9-ED0A-4AB6-88DA-FE172D00C35C}.Debug|Any CPU.Build.0 = Debug|Any CPU
		{142424F9-ED0A-4AB6-88DA-FE172D00C35C}.Debug|x64.ActiveCfg = Debug|Any CPU
		{142424F9-ED0A-4AB6-88DA-FE172D00C35C}.Debug|x64.Build.0 = Debug|Any CPU
		{142424F9-ED0A-4AB6-88DA-FE172D00C35C}.Debug|x86.ActiveCfg = Debug|Any CPU
		{142424F9-ED0A-4AB6-88DA-FE172D00C35C}.Debug|x86.Build.0 = Debug|Any CPU
		{142424F9-ED0A-4AB6-88DA-FE172D00C35C}.Release|Any CPU.ActiveCfg = Release|Any CPU
		{142424F9-ED0A-4AB6-88DA-FE172D00C35C}.Release|Any CPU.Build.0 = Release|Any CPU
		{142424F9-ED0A-4AB6-88DA-FE172D00C35C}.Release|x64.ActiveCfg = Release|Any CPU
		{142424F9-ED0A-4AB6-88DA-FE172D00C35C}.Release|x64.Build.0 = Release|Any CPU
		{142424F9-ED0A-4AB6-88DA-FE172D00C35C}.Release|x86.ActiveCfg = Release|Any CPU
		{142424F9-ED0A-4AB6-88DA-FE172D00C35C}.Release|x86.Build.0 = Release|Any CPU
		{ABCCB70F-2B48-495B-9C7C-EE7D8ABA3B47}.Debug|Any CPU.ActiveCfg = Debug|Any CPU
		{ABCCB70F-2B48-495B-9C7C-EE7D8ABA3B47}.Debug|Any CPU.Build.0 = Debug|Any CPU
		{ABCCB70F-2B48-495B-9C7C-EE7D8ABA3B47}.Debug|x64.ActiveCfg = Debug|Any CPU
		{ABCCB70F-2B48-495B-9C7C-EE7D8ABA3B47}.Debug|x64.Build.0 = Debug|Any CPU
		{ABCCB70F-2B48-495B-9C7C-EE7D8ABA3B47}.Debug|x86.ActiveCfg = Debug|Any CPU
		{ABCCB70F-2B48-495B-9C7C-EE7D8ABA3B47}.Debug|x86.Build.0 = Debug|Any CPU
		{ABCCB70F-2B48-495B-9C7C-EE7D8ABA3B47}.Release|Any CPU.ActiveCfg = Release|Any CPU
		{ABCCB70F-2B48-495B-9C7C-EE7D8ABA3B47}.Release|Any CPU.Build.0 = Release|Any CPU
		{ABCCB70F-2B48-495B-9C7C-EE7D8ABA3B47}.Release|x64.ActiveCfg = Release|Any CPU
		{ABCCB70F-2B48-495B-9C7C-EE7D8ABA3B47}.Release|x64.Build.0 = Release|Any CPU
		{ABCCB70F-2B48-495B-9C7C-EE7D8ABA3B47}.Release|x86.ActiveCfg = Release|Any CPU
		{ABCCB70F-2B48-495B-9C7C-EE7D8ABA3B47}.Release|x86.Build.0 = Release|Any CPU
	EndGlobalSection
	GlobalSection(SolutionProperties) = preSolution
		HideSolutionNode = FALSE
	EndGlobalSection
EndGlobal
