Microsoft Visual Studio Solution File, Format Version 12.00
# Visual Studio 15
VisualStudioVersion = 15.0.27130.2026
MinimumVisualStudioVersion = 15.0.26124.0
Project("{9A19103F-16F7-4668-BE54-9A1E7A4F7556}") = "DataProtectionConsole", "DataProtectionConsole\DataProtectionConsole.csproj", "{347EC916-482A-4119-B0FA-9233ECE7D747}"
EndProject
Project("{2150E333-8FDC-42A3-9474-1A3956D46DE8}") = "Solution Items", "Solution Items", "{5D72826C-D2FC-47FF-B27C-E456DBB8E948}"
	ProjectSection(SolutionItems) = preProject
		README.md = README.md
	EndProjectSection
EndProject
Project("{9A19103F-16F7-4668-BE54-9A1E7A4F7556}") = "DataProtectionFileCertConsole", "DataProtectionFileCertConsole\DataProtectionFileCertConsole.csproj", "{46942362-414A-41B9-99B8-4CCF81C81D18}"
EndProject
Global
	GlobalSection(SolutionConfigurationPlatforms) = preSolution
		Debug|Any CPU = Debug|Any CPU
		Debug|x64 = Debug|x64
		Debug|x86 = Debug|x86
		Release|Any CPU = Release|Any CPU
		Release|x64 = Release|x64
		Release|x86 = Release|x86
	EndGlobalSection
	GlobalSection(ProjectConfigurationPlatforms) = postSolution
		{347EC916-482A-4119-B0FA-9233ECE7D747}.Debug|Any CPU.ActiveCfg = Debug|Any CPU
		{347EC916-482A-4119-B0FA-9233ECE7D747}.Debug|Any CPU.Build.0 = Debug|Any CPU
		{347EC916-482A-4119-B0FA-9233ECE7D747}.Debug|x64.ActiveCfg = Debug|Any CPU
		{347EC916-482A-4119-B0FA-9233ECE7D747}.Debug|x64.Build.0 = Debug|Any CPU
		{347EC916-482A-4119-B0FA-9233ECE7D747}.Debug|x86.ActiveCfg = Debug|Any CPU
		{347EC916-482A-4119-B0FA-9233ECE7D747}.Debug|x86.Build.0 = Debug|Any CPU
		{347EC916-482A-4119-B0FA-9233ECE7D747}.Release|Any CPU.ActiveCfg = Release|Any CPU
		{347EC916-482A-4119-B0FA-9233ECE7D747}.Release|Any CPU.Build.0 = Release|Any CPU
		{347EC916-482A-4119-B0FA-9233ECE7D747}.Release|x64.ActiveCfg = Release|Any CPU
		{347EC916-482A-4119-B0FA-9233ECE7D747}.Release|x64.Build.0 = Release|Any CPU
		{347EC916-482A-4119-B0FA-9233ECE7D747}.Release|x86.ActiveCfg = Release|Any CPU
		{347EC916-482A-4119-B0FA-9233ECE7D747}.Release|x86.Build.0 = Release|Any CPU
		{46942362-414A-41B9-99B8-4CCF81C81D18}.Debug|Any CPU.ActiveCfg = Debug|Any CPU
		{46942362-414A-41B9-99B8-4CCF81C81D18}.Debug|Any CPU.Build.0 = Debug|Any CPU
		{46942362-414A-41B9-99B8-4CCF81C81D18}.Debug|x64.ActiveCfg = Debug|Any CPU
		{46942362-414A-41B9-99B8-4CCF81C81D18}.Debug|x64.Build.0 = Debug|Any CPU
		{46942362-414A-41B9-99B8-4CCF81C81D18}.Debug|x86.ActiveCfg = Debug|Any CPU
		{46942362-414A-41B9-99B8-4CCF81C81D18}.Debug|x86.Build.0 = Debug|Any CPU
		{46942362-414A-41B9-99B8-4CCF81C81D18}.Release|Any CPU.ActiveCfg = Release|Any CPU
		{46942362-414A-41B9-99B8-4CCF81C81D18}.Release|Any CPU.Build.0 = Release|Any CPU
		{46942362-414A-41B9-99B8-4CCF81C81D18}.Release|x64.ActiveCfg = Release|Any CPU
		{46942362-414A-41B9-99B8-4CCF81C81D18}.Release|x64.Build.0 = Release|Any CPU
		{46942362-414A-41B9-99B8-4CCF81C81D18}.Release|x86.ActiveCfg = Release|Any CPU
		{46942362-414A-41B9-99B8-4CCF81C81D18}.Release|x86.Build.0 = Release|Any CPU
	EndGlobalSection
	GlobalSection(SolutionProperties) = preSolution
		HideSolutionNode = FALSE
	EndGlobalSection
	GlobalSection(ExtensibilityGlobals) = postSolution
		SolutionGuid = {CE70C7CB-0772-4B8F-AE78-BB2A9D684D35}
	EndGlobalSection
EndGlobal
